
Microsoft Visual Studio Solution File, Format Version 12.00
# Visual Studio Version 16
VisualStudioVersion = 16.0.32106.194
MinimumVisualStudioVersion = 10.0.40219.1
Project("{FAE04EC0-301F-11D3-BF4B-00C04F79EFBC}") = "Practice", "Practice\Practice.csproj", "{EBC67FAC-89FE-47C1-A970-F93A0FE1CFFB}"
EndProject
Global
	GlobalSection(SolutionConfigurationPlatforms) = preSolution
		Debug|Any CPU = Debug|Any CPU
		Release|Any CPU = Release|Any CPU
	EndGlobalSection
	GlobalSection(ProjectConfigurationPlatforms) = postSolution
		{EBC67FAC-89FE-47C1-A970-F93A0FE1CFFB}.Debug|Any CPU.ActiveCfg = Debug|Any CPU
		{EBC67FAC-89FE-47C1-A970-F93A0FE1CFFB}.Debug|Any CPU.Build.0 = Debug|Any CPU
		{EBC67FAC-89FE-47C1-A970-F93A0FE1CFFB}.Release|Any CPU.ActiveCfg = Release|Any CPU
		{EBC67FAC-89FE-47C1-A970-F93A0FE1CFFB}.Release|Any CPU.Build.0 = Release|Any CPU
	EndGlobalSection
	GlobalSection(SolutionProperties) = preSolution
		HideSolutionNode = FALSE
	EndGlobalSection
	GlobalSection(ExtensibilityGlobals) = postSolution
		SolutionGuid = {FE95B2A8-1ADB-47ED-9873-9F36B497B8C4}
	EndGlobalSection
EndGlobal
